// !$*UTF8*$!
{
	archiveVersion = 1;
	classes = {
	};
	objectVersion = 46;
	objects = {

/* Begin PBXBuildFile section */
		AF6A615E1E12C43C002CAC98 /* pokemon.csv in Resources */ = {isa = PBXBuildFile; fileRef = AF6A615D1E12C43C002CAC98 /* pokemon.csv */; };
		AFCD4FDF1E12A97200F8F02E /* AppDelegate.swift in Sources */ = {isa = PBXBuildFile; fileRef = AFCD4FDE1E12A97200F8F02E /* AppDelegate.swift */; };
		AFCD4FE11E12A97200F8F02E /* ViewController.swift in Sources */ = {isa = PBXBuildFile; fileRef = AFCD4FE01E12A97200F8F02E /* ViewController.swift */; };
		AFCD4FE41E12A97200F8F02E /* Main.storyboard in Resources */ = {isa = PBXBuildFile; fileRef = AFCD4FE21E12A97200F8F02E /* Main.storyboard */; };
		AFCD4FE61E12A97200F8F02E /* Assets.xcassets in Resources */ = {isa = PBXBuildFile; fileRef = AFCD4FE51E12A97200F8F02E /* Assets.xcassets */; };
		AFCD4FE91E12A97200F8F02E /* LaunchScreen.storyboard in Resources */ = {isa = PBXBuildFile; fileRef = AFCD4FE71E12A97200F8F02E /* LaunchScreen.storyboard */; };
/* End PBXBuildFile section */

/* Begin PBXFileReference section */
		AF6A615D1E12C43C002CAC98 /* pokemon.csv */ = {isa = PBXFileReference; fileEncoding = 4; lastKnownFileType = text; path = pokemon.csv; sourceTree = "<group>"; };
		AFCD4FDB1E12A97200F8F02E /* Pokedex.app */ = {isa = PBXFileReference; explicitFileType = wrapper.application; includeInIndex = 0; path = Pokedex.app; sourceTree = BUILT_PRODUCTS_DIR; };
		AFCD4FDE1E12A97200F8F02E /* AppDelegate.swift */ = {isa = PBXFileReference; lastKnownFileType = sourcecode.swift; path = AppDelegate.swift; sourceTree = "<group>"; };
		AFCD4FE01E12A97200F8F02E /* ViewController.swift */ = {isa = PBXFileReference; lastKnownFileType = sourcecode.swift; path = ViewController.swift; sourceTree = "<group>"; };
		AFCD4FE31E12A97200F8F02E /* Base */ = {isa = PBXFileReference; lastKnownFileType = file.storyboard; name = Base; path = Base.lproj/Main.storyboard; sourceTree = "<group>"; };
		AFCD4FE51E12A97200F8F02E /* Assets.xcassets */ = {isa = PBXFileReference; lastKnownFileType = folder.assetcatalog; path = Assets.xcassets; sourceTree = "<group>"; };
		AFCD4FE81E12A97200F8F02E /* Base */ = {isa = PBXFileReference; lastKnownFileType = file.storyboard; name = Base; path = Base.lproj/LaunchScreen.storyboard; sourceTree = "<group>"; };
		AFCD4FEA1E12A97200F8F02E /* Info.plist */ = {isa = PBXFileReference; lastKnownFileType = text.plist.xml; path = Info.plist; sourceTree = "<group>"; };
/* End PBXFileReference section */

/* Begin PBXFrameworksBuildPhase section */
		AFCD4FD81E12A97200F8F02E /* Frameworks */ = {
			isa = PBXFrameworksBuildPhase;
			buildActionMask = 2147483647;
			files = (
			);
			runOnlyForDeploymentPostprocessing = 0;
		};
/* End PBXFrameworksBuildPhase section */

/* Begin PBXGroup section */
		AFCD4FD21E12A97200F8F02E = {
			isa = PBXGroup;
			children = (
				AFCD4FDD1E12A97200F8F02E /* Pokedex */,
				AFCD4FDC1E12A97200F8F02E /* Products */,
			);
			sourceTree = "<group>";
		};
		AFCD4FDC1E12A97200F8F02E /* Products */ = {
			isa = PBXGroup;
			children = (
				AFCD4FDB1E12A97200F8F02E /* Pokedex.app */,
			);
			name = Products;
			sourceTree = "<group>";
		};
		AFCD4FDD1E12A97200F8F02E /* Pokedex */ = {
			isa = PBXGroup;
			children = (
				AFCD4FDE1E12A97200F8F02E /* AppDelegate.swift */,
				AFCD4FE01E12A97200F8F02E /* ViewController.swift */,
				AFCD4FE21E12A97200F8F02E /* Main.storyboard */,
				AFCD4FE51E12A97200F8F02E /* Assets.xcassets */,
				AF6A615D1E12C43C002CAC98 /* pokemon.csv */,
				AFCD4FE71E12A97200F8F02E /* LaunchScreen.storyboard */,
				AFCD4FEA1E12A97200F8F02E /* Info.plist */,
			);
			path = Pokedex;
			sourceTree = "<group>";
		};
/* End PBXGroup section */

/* Begin PBXNativeTarget section */
		AFCD4FDA1E12A97200F8F02E /* Pokedex */ = {
			isa = PBXNativeTarget;
			buildConfigurationList = AFCD4FED1E12A97200F8F02E /* Build configuration list for PBXNativeTarget "Pokedex" */;
			buildPhases = (
				AFCD4FD71E12A97200F8F02E /* Sources */,
				AFCD4FD81E12A97200F8F02E /* Frameworks */,
				AFCD4FD91E12A97200F8F02E /* Resources */,
			);
			buildRules = (
			);
			dependencies = (
			);
			name = Pokedex;
			productName = Pokedex;
			productReference = AFCD4FDB1E12A97200F8F02E /* Pokedex.app */;
			productType = "com.apple.product-type.application";
		};
/* End PBXNativeTarget section */

/* Begin PBXProject section */
		AFCD4FD31E12A97200F8F02E /* Project object */ = {
			isa = PBXProject;
			attributes = {
				LastSwiftUpdateCheck = 0820;
				LastUpgradeCheck = 0820;
				ORGANIZATIONNAME = "Hannan Saleemi";
				TargetAttributes = {
					AFCD4FDA1E12A97200F8F02E = {
						CreatedOnToolsVersion = 8.2.1;
						DevelopmentTeam = JQUT559B6P;
						ProvisioningStyle = Automatic;
					};
				};
			};
			buildConfigurationList = AFCD4FD61E12A97200F8F02E /* Build configuration list for PBXProject "Pokedex" */;
			compatibilityVersion = "Xcode 3.2";
			developmentRegion = English;
			hasScannedForEncodings = 0;
			knownRegions = (
				en,
				Base,
			);
			mainGroup = AFCD4FD21E12A97200F8F02E;
			productRefGroup = AFCD4FDC1E12A97200F8F02E /* Products */;
			projectDirPath = "";
			projectRoot = "";
			targets = (
				AFCD4FDA1E12A97200F8F02E /* Pokedex */,
			);
		};
/* End PBXProject section */

/* Begin PBXResourcesBuildPhase section */
		AFCD4FD91E12A97200F8F02E /* Resources */ = {
			isa = PBXResourcesBuildPhase;
			buildActionMask = 2147483647;
			files = (
				AFCD4FE91E12A97200F8F02E /* LaunchScreen.storyboard in Resources */,
				AFCD4FE61E12A97200F8F02E /* Assets.xcassets in Resources */,
				AF6A615E1E12C43C002CAC98 /* pokemon.csv in Resources */,
				AFCD4FE41E12A97200F8F02E /* Main.storyboard in Resources */,
			);
			runOnlyForDeploymentPostprocessing = 0;
		};
/* End PBXResourcesBuildPhase section */

/* Begin PBXSourcesBuildPhase section */
		AFCD4FD71E12A97200F8F02E /* Sources */ = {
			isa = PBXSourcesBuildPhase;
			buildActionMask = 2147483647;
			files = (
				AFCD4FE11E12A97200F8F02E /* ViewController.swift in Sources */,
				AFCD4FDF1E12A97200F8F02E /* AppDelegate.swift in Sources */,
			);
			runOnlyForDeploymentPostprocessing = 0;
		};
/* End PBXSourcesBuildPhase section */

/* Begin PBXVariantGroup section */
		AFCD4FE21E12A97200F8F02E /* Main.storyboard */ = {
			isa = PBXVariantGroup;
			children = (
				AFCD4FE31E12A97200F8F02E /* Base */,
			);
			name = Main.storyboard;
			sourceTree = "<group>";
		};
		AFCD4FE71E12A97200F8F02E /* LaunchScreen.storyboard */ = {
			isa = PBXVariantGroup;
			children = (
				AFCD4FE81E12A97200F8F02E /* Base */,
			);
			name = LaunchScreen.storyboard;
			sourceTree = "<group>";
		};
/* End PBXVariantGroup section */

/* Begin XCBuildConfiguration section */
		AFCD4FEB1E12A97200F8F02E /* Debug */ = {
			isa = XCBuildConfiguration;
			buildSettings = {
				ALWAYS_SEARCH_USER_PATHS = NO;
				CLANG_ANALYZER_NONNULL = YES;
				CLANG_CXX_LANGUAGE_STANDARD = "gnu++0x";
				CLANG_CXX_LIBRARY = "libc++";
				CLANG_ENABLE_MODULES = YES;
				CLANG_ENABLE_OBJC_ARC = YES;
				CLANG_WARN_BOOL_CONVERSION = YES;
				CLANG_WARN_CONSTANT_CONVERSION = YES;
				CLANG_WARN_DIRECT_OBJC_ISA_USAGE = YES_ERROR;
				CLANG_WARN_DOCUMENTATION_COMMENTS = YES;
				CLANG_WARN_EMPTY_BODY = YES;
				CLANG_WARN_ENUM_CONVERSION = YES;
				CLANG_WARN_INFINITE_RECURSION = YES;
				CLANG_WARN_INT_CONVERSION = YES;
				CLANG_WARN_OBJC_ROOT_CLASS = YES_ERROR;
				CLANG_WARN_SUSPICIOUS_MOVE = YES;
				CLANG_WARN_UNREACHABLE_CODE = YES;
				CLANG_WARN__DUPLICATE_METHOD_MATCH = YES;
				"CODE_SIGN_IDENTITY[sdk=iphoneos*]" = "iPhone Developer";
				COPY_PHASE_STRIP = NO;
				DEBUG_INFORMATION_FORMAT = dwarf;
				ENABLE_STRICT_OBJC_MSGSEND = YES;
				ENABLE_TESTABILITY = YES;
				GCC_C_LANGUAGE_STANDARD = gnu99;
				GCC_DYNAMIC_NO_PIC = NO;
				GCC_NO_COMMON_BLOCKS = YES;
				GCC_OPTIMIZATION_LEVEL = 0;
				GCC_PREPROCESSOR_DEFINITIONS = (
					"DEBUG=1",
					"$(inherited)",
				);
				GCC_WARN_64_TO_32_BIT_CONVERSION = YES;
				GCC_WARN_ABOUT_RETURN_TYPE = YES_ERROR;
				GCC_WARN_UNDECLARED_SELECTOR = YES;
				GCC_WARN_UNINITIALIZED_AUTOS = YES_AGGRESSIVE;
				GCC_WARN_UNUSED_FUNCTION = YES;
				GCC_WARN_UNUSED_VARIABLE = YES;
				IPHONEOS_DEPLOYMENT_TARGET = 10.2;
				MTL_ENABLE_DEBUG_INFO = YES;
				ONLY_ACTIVE_ARCH = YES;
				SDKROOT = iphoneos;
				SWIFT_ACTIVE_COMPILATION_CONDITIONS = DEBUG;
				SWIFT_OPTIMIZATION_LEVEL = "-Onone";
			};
			name = Debug;
		};
		AFCD4FEC1E12A97200F8F02E /* Release */ = {
			isa = XCBuildConfiguration;
			buildSettings = {
				ALWAYS_SEARCH_USER_PATHS = NO;
				CLANG_ANALYZER_NONNULL = YES;
				CLANG_CXX_LANGUAGE_STANDARD = "gnu++0x";
				CLANG_CXX_LIBRARY = "libc++";
				CLANG_ENABLE_MODULES = YES;
				CLANG_ENABLE_OBJC_ARC = YES;
				CLANG_WARN_BOOL_CONVERSION = YES;
				CLANG_WARN_CONSTANT_CONVERSION = YES;
				CLANG_WARN_DIRECT_OBJC_ISA_USAGE = YES_ERROR;
				CLANG_WARN_DOCUMENTATION_COMMENTS = YES;
				CLANG_WARN_EMPTY_BODY = YES;
				CLANG_WARN_ENUM_CONVERSION = YES;
				CLANG_WARN_INFINITE_RECURSION = YES;
				CLANG_WARN_INT_CONVERSION = YES;
				CLANG_WARN_OBJC_ROOT_CLASS = YES_ERROR;
				CLANG_WARN_SUSPICIOUS_MOVE = YES;
				CLANG_WARN_UNREACHABLE_CODE = YES;
				CLANG_WARN__DUPLICATE_METHOD_MATCH = YES;
				"CODE_SIGN_IDENTITY[sdk=iphoneos*]" = "iPhone Developer";
				COPY_PHASE_STRIP = NO;
				DEBUG_INFORMATION_FORMAT = "dwarf-with-dsym";
				ENABLE_NS_ASSERTIONS = NO;
				ENABLE_STRICT_OBJC_MSGSEND = YES;
				GCC_C_LANGUAGE_STANDARD = gnu99;
				GCC_NO_COMMON_BLOCKS = YES;
				GCC_WARN_64_TO_32_BIT_CONVERSION = YES;
				GCC_WARN_ABOUT_RETURN_TYPE = YES_ERROR;
				GCC_WARN_UNDECLARED_SELECTOR = YES;
				GCC_WARN_UNINITIALIZED_AUTOS = YES_AGGRESSIVE;
				GCC_WARN_UNUSED_FUNCTION = YES;
				GCC_WARN_UNUSED_VARIABLE = YES;
				IPHONEOS_DEPLOYMENT_TARGET = 10.2;
				MTL_ENABLE_DEBUG_INFO = NO;
				SDKROOT = iphoneos;
				SWIFT_OPTIMIZATION_LEVEL = "-Owholemodule";
				VALIDATE_PRODUCT = YES;
			};
			name = Release;
		};
		AFCD4FEE1E12A97200F8F02E /* Debug */ = {
			isa = XCBuildConfiguration;
			buildSettings = {
				ASSETCATALOG_COMPILER_APPICON_NAME = AppIcon;
				DEVELOPMENT_TEAM = JQUT559B6P;
				INFOPLIST_FILE = Pokedex/Info.plist;
				LD_RUNPATH_SEARCH_PATHS = "$(inherited) @executable_path/Frameworks";
				PRODUCT_BUNDLE_IDENTIFIER = com.devhannansaleemi.Pokedex;
				PRODUCT_NAME = "$(TARGET_NAME)";
				SWIFT_VERSION = 3.0;
			};
			name = Debug;
		};
		AFCD4FEF1E12A97200F8F02E /* Release */ = {
			isa = XCBuildConfiguration;
			buildSettings = {
				ASSETCATALOG_COMPILER_APPICON_NAME = AppIcon;
				DEVELOPMENT_TEAM = JQUT559B6P;
				INFOPLIST_FILE = Pokedex/Info.plist;
				LD_RUNPATH_SEARCH_PATHS = "$(inherited) @executable_path/Frameworks";
				PRODUCT_BUNDLE_IDENTIFIER = com.devhannansaleemi.Pokedex;
				PRODUCT_NAME = "$(TARGET_NAME)";
				SWIFT_VERSION = 3.0;
			};
			name = Release;
		};
/* End XCBuildConfiguration section */

/* Begin XCConfigurationList section */
		AFCD4FD61E12A97200F8F02E /* Build configuration list for PBXProject "Pokedex" */ = {
			isa = XCConfigurationList;
			buildConfigurations = (
				AFCD4FEB1E12A97200F8F02E /* Debug */,
				AFCD4FEC1E12A97200F8F02E /* Release */,
			);
			defaultConfigurationIsVisible = 0;
			defaultConfigurationName = Release;
		};
		AFCD4FED1E12A97200F8F02E /* Build configuration list for PBXNativeTarget "Pokedex" */ = {
			isa = XCConfigurationList;
			buildConfigurations = (
				AFCD4FEE1E12A97200F8F02E /* Debug */,
				AFCD4FEF1E12A97200F8F02E /* Release */,
			);
			defaultConfigurationIsVisible = 0;
			defaultConfigurationName = Release;
		};
/* End XCConfigurationList section */
	};
	rootObject = AFCD4FD31E12A97200F8F02E /* Project object */;
}
